{
  "name": "mjmarkgen-app",
  "version": "1.0.0",
  "description": "Marksheet Generator Mobile App",
  "main": "index.js",
  "scripts": {
    "build": "cordova build android",
    "prepare": "cordova prepare",
    "serve": "cordova serve"
  },
  "keywords": ["marksheet", "generator", "mobile", "app"],
  "author": "MJ MarkGen",
  "license": "MIT",
  "devDependencies": {
    "cordova": "^12.0.0",
    "cordova-android": "^12.0.0"
  },
  "cordova": {
    "platforms": ["android"],
    "plugins": {}
  }
}

